
Microsoft Visual Studio Solution File, Format Version 12.00
# Visual Studio 2012
Project("{2150E333-8FDC-42A3-9474-1A3956D46DE8}") = "XamForms", "XamForms", "{E4D7F7FC-CD86-4448-A2AD-37D819354407}"
EndProject
Project("{FAE04EC0-301F-11D3-BF4B-00C04F79EFBC}") = "XamForms", "XamForms\XamForms\XamForms.csproj", "{1BB5A3FA-3352-4B8A-BCB5-DF521C1FD215}"
EndProject
Project("{FAE04EC0-301F-11D3-BF4B-00C04F79EFBC}") = "XamForms.Droid", "XamForms\Droid\XamForms.Droid.csproj", "{B4D735D0-58AA-415B-BF5C-16DD2EB8AF2C}"
EndProject
Project("{2150E333-8FDC-42A3-9474-1A3956D46DE8}") = "XamMVVMCross", "XamMVVMCross", "{F52DE53B-2ADC-4575-A30D-54B6FB6DA35A}"
EndProject
Project("{2150E333-8FDC-42A3-9474-1A3956D46DE8}") = "XamNative", "XamNative", "{55836C1D-FF76-4184-B52B-8460AAE49355}"
EndProject
Project("{FAE04EC0-301F-11D3-BF4B-00C04F79EFBC}") = "XamMVVMCross", "XamMVVMCross\XamMVVMCross\XamMVVMCross.csproj", "{77E117E9-20C7-4FA0-83E5-367C542B9323}"
EndProject
Project("{FAE04EC0-301F-11D3-BF4B-00C04F79EFBC}") = "XamMVVMCross.Droid", "XamMVVMCross\Droid\XamMVVMCross.Droid.csproj", "{2D4BE9D3-47F0-4720-8C4C-A9C04ADB3C05}"
EndProject
Project("{FAE04EC0-301F-11D3-BF4B-00C04F79EFBC}") = "XamNative.Droid", "XamNative\XamNative.Droid\XamNative.Droid.csproj", "{A804E0A1-2EDD-4520-AA48-3961DD75A979}"
EndProject
Project("{FAE04EC0-301F-11D3-BF4B-00C04F79EFBC}") = "XamNative", "XamNative\XamNative\XamNative.csproj", "{37523008-A273-439B-BCEB-292BA13E29F4}"
EndProject
Project("{FAE04EC0-301F-11D3-BF4B-00C04F79EFBC}") = "XamNative.iOS", "XamNative\XamNative.iOS\XamNative.iOS.csproj", "{97340858-BEB8-47C9-BC35-10F35D94A9F7}"
EndProject
Project("{FAE04EC0-301F-11D3-BF4B-00C04F79EFBC}") = "XamForms.iOS", "XamForms\iOS\XamForms.iOS.csproj", "{F2005800-5744-47DB-811C-5F72AE4B0C5E}"
EndProject
Project("{FAE04EC0-301F-11D3-BF4B-00C04F79EFBC}") = "XamMVVMCross.iOS", "XamMVVMCross\XamMVVMCross.iOS\XamMVVMCross.iOS.csproj", "{5CCBA3B1-26A4-4EE2-BD18-FE0C2A834A8B}"
EndProject
Global
	GlobalSection(SolutionConfigurationPlatforms) = preSolution
		Debug|Any CPU = Debug|Any CPU
		Release|Any CPU = Release|Any CPU
		Debug|iPhoneSimulator = Debug|iPhoneSimulator
		Release|iPhone = Release|iPhone
		Release|iPhoneSimulator = Release|iPhoneSimulator
		Debug|iPhone = Debug|iPhone
	EndGlobalSection
	GlobalSection(ProjectConfigurationPlatforms) = postSolution
		{1BB5A3FA-3352-4B8A-BCB5-DF521C1FD215}.Debug|Any CPU.ActiveCfg = Debug|Any CPU
		{1BB5A3FA-3352-4B8A-BCB5-DF521C1FD215}.Debug|Any CPU.Build.0 = Debug|Any CPU
		{1BB5A3FA-3352-4B8A-BCB5-DF521C1FD215}.Release|Any CPU.ActiveCfg = Release|Any CPU
		{1BB5A3FA-3352-4B8A-BCB5-DF521C1FD215}.Release|Any CPU.Build.0 = Release|Any CPU
		{1BB5A3FA-3352-4B8A-BCB5-DF521C1FD215}.Debug|iPhoneSimulator.ActiveCfg = Debug|Any CPU
		{1BB5A3FA-3352-4B8A-BCB5-DF521C1FD215}.Debug|iPhoneSimulator.Build.0 = Debug|Any CPU
		{1BB5A3FA-3352-4B8A-BCB5-DF521C1FD215}.Release|iPhone.ActiveCfg = Release|Any CPU
		{1BB5A3FA-3352-4B8A-BCB5-DF521C1FD215}.Release|iPhone.Build.0 = Release|Any CPU
		{1BB5A3FA-3352-4B8A-BCB5-DF521C1FD215}.Release|iPhoneSimulator.ActiveCfg = Release|Any CPU
		{1BB5A3FA-3352-4B8A-BCB5-DF521C1FD215}.Release|iPhoneSimulator.Build.0 = Release|Any CPU
		{1BB5A3FA-3352-4B8A-BCB5-DF521C1FD215}.Debug|iPhone.ActiveCfg = Debug|Any CPU
		{1BB5A3FA-3352-4B8A-BCB5-DF521C1FD215}.Debug|iPhone.Build.0 = Debug|Any CPU
		{B4D735D0-58AA-415B-BF5C-16DD2EB8AF2C}.Debug|Any CPU.ActiveCfg = Debug|Any CPU
		{B4D735D0-58AA-415B-BF5C-16DD2EB8AF2C}.Debug|Any CPU.Build.0 = Debug|Any CPU
		{B4D735D0-58AA-415B-BF5C-16DD2EB8AF2C}.Release|Any CPU.ActiveCfg = Release|Any CPU
		{B4D735D0-58AA-415B-BF5C-16DD2EB8AF2C}.Release|Any CPU.Build.0 = Release|Any CPU
		{B4D735D0-58AA-415B-BF5C-16DD2EB8AF2C}.Debug|iPhoneSimulator.ActiveCfg = Debug|Any CPU
		{B4D735D0-58AA-415B-BF5C-16DD2EB8AF2C}.Debug|iPhoneSimulator.Build.0 = Debug|Any CPU
		{B4D735D0-58AA-415B-BF5C-16DD2EB8AF2C}.Release|iPhone.ActiveCfg = Release|Any CPU
		{B4D735D0-58AA-415B-BF5C-16DD2EB8AF2C}.Release|iPhone.Build.0 = Release|Any CPU
		{B4D735D0-58AA-415B-BF5C-16DD2EB8AF2C}.Release|iPhoneSimulator.ActiveCfg = Release|Any CPU
		{B4D735D0-58AA-415B-BF5C-16DD2EB8AF2C}.Release|iPhoneSimulator.Build.0 = Release|Any CPU
		{B4D735D0-58AA-415B-BF5C-16DD2EB8AF2C}.Debug|iPhone.ActiveCfg = Debug|Any CPU
		{B4D735D0-58AA-415B-BF5C-16DD2EB8AF2C}.Debug|iPhone.Build.0 = Debug|Any CPU
		{77E117E9-20C7-4FA0-83E5-367C542B9323}.Debug|Any CPU.ActiveCfg = Debug|Any CPU
		{77E117E9-20C7-4FA0-83E5-367C542B9323}.Debug|Any CPU.Build.0 = Debug|Any CPU
		{77E117E9-20C7-4FA0-83E5-367C542B9323}.Release|Any CPU.ActiveCfg = Release|Any CPU
		{77E117E9-20C7-4FA0-83E5-367C542B9323}.Release|Any CPU.Build.0 = Release|Any CPU
		{77E117E9-20C7-4FA0-83E5-367C542B9323}.Debug|iPhoneSimulator.ActiveCfg = Debug|Any CPU
		{77E117E9-20C7-4FA0-83E5-367C542B9323}.Debug|iPhoneSimulator.Build.0 = Debug|Any CPU
		{77E117E9-20C7-4FA0-83E5-367C542B9323}.Release|iPhone.ActiveCfg = Release|Any CPU
		{77E117E9-20C7-4FA0-83E5-367C542B9323}.Release|iPhone.Build.0 = Release|Any CPU
		{77E117E9-20C7-4FA0-83E5-367C542B9323}.Release|iPhoneSimulator.ActiveCfg = Release|Any CPU
		{77E117E9-20C7-4FA0-83E5-367C542B9323}.Release|iPhoneSimulator.Build.0 = Release|Any CPU
		{77E117E9-20C7-4FA0-83E5-367C542B9323}.Debug|iPhone.ActiveCfg = Debug|Any CPU
		{77E117E9-20C7-4FA0-83E5-367C542B9323}.Debug|iPhone.Build.0 = Debug|Any CPU
		{2D4BE9D3-47F0-4720-8C4C-A9C04ADB3C05}.Debug|Any CPU.ActiveCfg = Debug|Any CPU
		{2D4BE9D3-47F0-4720-8C4C-A9C04ADB3C05}.Debug|Any CPU.Build.0 = Debug|Any CPU
		{2D4BE9D3-47F0-4720-8C4C-A9C04ADB3C05}.Release|Any CPU.ActiveCfg = Release|Any CPU
		{2D4BE9D3-47F0-4720-8C4C-A9C04ADB3C05}.Release|Any CPU.Build.0 = Release|Any CPU
		{2D4BE9D3-47F0-4720-8C4C-A9C04ADB3C05}.Debug|iPhoneSimulator.ActiveCfg = Debug|Any CPU
		{2D4BE9D3-47F0-4720-8C4C-A9C04ADB3C05}.Debug|iPhoneSimulator.Build.0 = Debug|Any CPU
		{2D4BE9D3-47F0-4720-8C4C-A9C04ADB3C05}.Release|iPhone.ActiveCfg = Release|Any CPU
		{2D4BE9D3-47F0-4720-8C4C-A9C04ADB3C05}.Release|iPhone.Build.0 = Release|Any CPU
		{2D4BE9D3-47F0-4720-8C4C-A9C04ADB3C05}.Release|iPhoneSimulator.ActiveCfg = Release|Any CPU
		{2D4BE9D3-47F0-4720-8C4C-A9C04ADB3C05}.Release|iPhoneSimulator.Build.0 = Release|Any CPU
		{2D4BE9D3-47F0-4720-8C4C-A9C04ADB3C05}.Debug|iPhone.ActiveCfg = Debug|Any CPU
		{2D4BE9D3-47F0-4720-8C4C-A9C04ADB3C05}.Debug|iPhone.Build.0 = Debug|Any CPU
		{A804E0A1-2EDD-4520-AA48-3961DD75A979}.Debug|Any CPU.ActiveCfg = Debug|Any CPU
		{A804E0A1-2EDD-4520-AA48-3961DD75A979}.Debug|Any CPU.Build.0 = Debug|Any CPU
		{A804E0A1-2EDD-4520-AA48-3961DD75A979}.Release|Any CPU.ActiveCfg = Release|Any CPU
		{A804E0A1-2EDD-4520-AA48-3961DD75A979}.Release|Any CPU.Build.0 = Release|Any CPU
		{A804E0A1-2EDD-4520-AA48-3961DD75A979}.Debug|iPhoneSimulator.ActiveCfg = Debug|Any CPU
		{A804E0A1-2EDD-4520-AA48-3961DD75A979}.Debug|iPhoneSimulator.Build.0 = Debug|Any CPU
		{A804E0A1-2EDD-4520-AA48-3961DD75A979}.Release|iPhone.ActiveCfg = Release|Any CPU
		{A804E0A1-2EDD-4520-AA48-3961DD75A979}.Release|iPhone.Build.0 = Release|Any CPU
		{A804E0A1-2EDD-4520-AA48-3961DD75A979}.Release|iPhoneSimulator.ActiveCfg = Release|Any CPU
		{A804E0A1-2EDD-4520-AA48-3961DD75A979}.Release|iPhoneSimulator.Build.0 = Release|Any CPU
		{A804E0A1-2EDD-4520-AA48-3961DD75A979}.Debug|iPhone.ActiveCfg = Debug|Any CPU
		{A804E0A1-2EDD-4520-AA48-3961DD75A979}.Debug|iPhone.Build.0 = Debug|Any CPU
		{37523008-A273-439B-BCEB-292BA13E29F4}.Debug|Any CPU.ActiveCfg = Debug|Any CPU
		{37523008-A273-439B-BCEB-292BA13E29F4}.Debug|Any CPU.Build.0 = Debug|Any CPU
		{37523008-A273-439B-BCEB-292BA13E29F4}.Release|Any CPU.ActiveCfg = Release|Any CPU
		{37523008-A273-439B-BCEB-292BA13E29F4}.Release|Any CPU.Build.0 = Release|Any CPU
		{37523008-A273-439B-BCEB-292BA13E29F4}.Debug|iPhoneSimulator.ActiveCfg = Debug|Any CPU
		{37523008-A273-439B-BCEB-292BA13E29F4}.Debug|iPhoneSimulator.Build.0 = Debug|Any CPU
		{37523008-A273-439B-BCEB-292BA13E29F4}.Release|iPhone.ActiveCfg = Release|Any CPU
		{37523008-A273-439B-BCEB-292BA13E29F4}.Release|iPhone.Build.0 = Release|Any CPU
		{37523008-A273-439B-BCEB-292BA13E29F4}.Release|iPhoneSimulator.ActiveCfg = Release|Any CPU
		{37523008-A273-439B-BCEB-292BA13E29F4}.Release|iPhoneSimulator.Build.0 = Release|Any CPU
		{37523008-A273-439B-BCEB-292BA13E29F4}.Debug|iPhone.ActiveCfg = Debug|Any CPU
		{37523008-A273-439B-BCEB-292BA13E29F4}.Debug|iPhone.Build.0 = Debug|Any CPU
		{97340858-BEB8-47C9-BC35-10F35D94A9F7}.Debug|Any CPU.ActiveCfg = Debug|iPhoneSimulator
		{97340858-BEB8-47C9-BC35-10F35D94A9F7}.Debug|Any CPU.Build.0 = Debug|iPhoneSimulator
		{97340858-BEB8-47C9-BC35-10F35D94A9F7}.Release|Any CPU.ActiveCfg = Release|iPhone
		{97340858-BEB8-47C9-BC35-10F35D94A9F7}.Release|Any CPU.Build.0 = Release|iPhone
		{97340858-BEB8-47C9-BC35-10F35D94A9F7}.Debug|iPhoneSimulator.ActiveCfg = Debug|iPhoneSimulator
		{97340858-BEB8-47C9-BC35-10F35D94A9F7}.Debug|iPhoneSimulator.Build.0 = Debug|iPhoneSimulator
		{97340858-BEB8-47C9-BC35-10F35D94A9F7}.Release|iPhone.ActiveCfg = Release|iPhone
		{97340858-BEB8-47C9-BC35-10F35D94A9F7}.Release|iPhone.Build.0 = Release|iPhone
		{97340858-BEB8-47C9-BC35-10F35D94A9F7}.Release|iPhoneSimulator.ActiveCfg = Release|iPhoneSimulator
		{97340858-BEB8-47C9-BC35-10F35D94A9F7}.Release|iPhoneSimulator.Build.0 = Release|iPhoneSimulator
		{97340858-BEB8-47C9-BC35-10F35D94A9F7}.Debug|iPhone.ActiveCfg = Debug|iPhone
		{97340858-BEB8-47C9-BC35-10F35D94A9F7}.Debug|iPhone.Build.0 = Debug|iPhone
		{F2005800-5744-47DB-811C-5F72AE4B0C5E}.Debug|Any CPU.ActiveCfg = Debug|iPhoneSimulator
		{F2005800-5744-47DB-811C-5F72AE4B0C5E}.Debug|Any CPU.Build.0 = Debug|iPhoneSimulator
		{F2005800-5744-47DB-811C-5F72AE4B0C5E}.Release|Any CPU.ActiveCfg = Release|iPhone
		{F2005800-5744-47DB-811C-5F72AE4B0C5E}.Release|Any CPU.Build.0 = Release|iPhone
		{F2005800-5744-47DB-811C-5F72AE4B0C5E}.Debug|iPhoneSimulator.ActiveCfg = Debug|iPhoneSimulator
		{F2005800-5744-47DB-811C-5F72AE4B0C5E}.Debug|iPhoneSimulator.Build.0 = Debug|iPhoneSimulator
		{F2005800-5744-47DB-811C-5F72AE4B0C5E}.Release|iPhone.ActiveCfg = Release|iPhone
		{F2005800-5744-47DB-811C-5F72AE4B0C5E}.Release|iPhone.Build.0 = Release|iPhone
		{F2005800-5744-47DB-811C-5F72AE4B0C5E}.Release|iPhoneSimulator.ActiveCfg = Release|iPhoneSimulator
		{F2005800-5744-47DB-811C-5F72AE4B0C5E}.Release|iPhoneSimulator.Build.0 = Release|iPhoneSimulator
		{F2005800-5744-47DB-811C-5F72AE4B0C5E}.Debug|iPhone.ActiveCfg = Debug|iPhone
		{F2005800-5744-47DB-811C-5F72AE4B0C5E}.Debug|iPhone.Build.0 = Debug|iPhone
		{5CCBA3B1-26A4-4EE2-BD18-FE0C2A834A8B}.Debug|Any CPU.ActiveCfg = Debug|iPhoneSimulator
		{5CCBA3B1-26A4-4EE2-BD18-FE0C2A834A8B}.Debug|Any CPU.Build.0 = Debug|iPhoneSimulator
		{5CCBA3B1-26A4-4EE2-BD18-FE0C2A834A8B}.Release|Any CPU.ActiveCfg = Release|iPhone
		{5CCBA3B1-26A4-4EE2-BD18-FE0C2A834A8B}.Release|Any CPU.Build.0 = Release|iPhone
		{5CCBA3B1-26A4-4EE2-BD18-FE0C2A834A8B}.Debug|iPhoneSimulator.ActiveCfg = Debug|iPhoneSimulator
		{5CCBA3B1-26A4-4EE2-BD18-FE0C2A834A8B}.Debug|iPhoneSimulator.Build.0 = Debug|iPhoneSimulator
		{5CCBA3B1-26A4-4EE2-BD18-FE0C2A834A8B}.Release|iPhone.ActiveCfg = Release|iPhone
		{5CCBA3B1-26A4-4EE2-BD18-FE0C2A834A8B}.Release|iPhone.Build.0 = Release|iPhone
		{5CCBA3B1-26A4-4EE2-BD18-FE0C2A834A8B}.Release|iPhoneSimulator.ActiveCfg = Release|iPhoneSimulator
		{5CCBA3B1-26A4-4EE2-BD18-FE0C2A834A8B}.Release|iPhoneSimulator.Build.0 = Release|iPhoneSimulator
		{5CCBA3B1-26A4-4EE2-BD18-FE0C2A834A8B}.Debug|iPhone.ActiveCfg = Debug|iPhone
		{5CCBA3B1-26A4-4EE2-BD18-FE0C2A834A8B}.Debug|iPhone.Build.0 = Debug|iPhone
	EndGlobalSection
	GlobalSection(NestedProjects) = preSolution
		{1BB5A3FA-3352-4B8A-BCB5-DF521C1FD215} = {E4D7F7FC-CD86-4448-A2AD-37D819354407}
		{B4D735D0-58AA-415B-BF5C-16DD2EB8AF2C} = {E4D7F7FC-CD86-4448-A2AD-37D819354407}
		{77E117E9-20C7-4FA0-83E5-367C542B9323} = {F52DE53B-2ADC-4575-A30D-54B6FB6DA35A}
		{2D4BE9D3-47F0-4720-8C4C-A9C04ADB3C05} = {F52DE53B-2ADC-4575-A30D-54B6FB6DA35A}
		{A804E0A1-2EDD-4520-AA48-3961DD75A979} = {55836C1D-FF76-4184-B52B-8460AAE49355}
		{37523008-A273-439B-BCEB-292BA13E29F4} = {55836C1D-FF76-4184-B52B-8460AAE49355}
		{97340858-BEB8-47C9-BC35-10F35D94A9F7} = {55836C1D-FF76-4184-B52B-8460AAE49355}
		{F2005800-5744-47DB-811C-5F72AE4B0C5E} = {E4D7F7FC-CD86-4448-A2AD-37D819354407}
		{5CCBA3B1-26A4-4EE2-BD18-FE0C2A834A8B} = {F52DE53B-2ADC-4575-A30D-54B6FB6DA35A}
	EndGlobalSection
EndGlobal
